
Microsoft Visual Studio Solution File, Format Version 12.00
# Visual Studio Version 17
VisualStudioVersion = 17.0.32126.317
MinimumVisualStudioVersion = 10.0.40219.1
Project("{FAE04EC0-301F-11D3-BF4B-00C04F79EFBC}") = "WebMsCode", "WebMsCode\WebMsCode.csproj", "{D373040D-3520-4305-AA4A-EE38E138F5C0}"
EndProject
Global
	GlobalSection(SolutionConfigurationPlatforms) = preSolution
		Debug|Any CPU = Debug|Any CPU
		Release|Any CPU = Release|Any CPU
	EndGlobalSection
	GlobalSection(ProjectConfigurationPlatforms) = postSolution
		{D373040D-3520-4305-AA4A-EE38E138F5C0}.Debug|Any CPU.ActiveCfg = Debug|Any CPU
		{D373040D-3520-4305-AA4A-EE38E138F5C0}.Debug|Any CPU.Build.0 = Debug|Any CPU
		{D373040D-3520-4305-AA4A-EE38E138F5C0}.Release|Any CPU.ActiveCfg = Release|Any CPU
		{D373040D-3520-4305-AA4A-EE38E138F5C0}.Release|Any CPU.Build.0 = Release|Any CPU
	EndGlobalSection
	GlobalSection(SolutionProperties) = preSolution
		HideSolutionNode = FALSE
	EndGlobalSection
	GlobalSection(ExtensibilityGlobals) = postSolution
		SolutionGuid = {80E8835D-6964-44B5-8D3E-C65C6CC4A60C}
	EndGlobalSection
EndGlobal
